
Microsoft Visual Studio Solution File, Format Version 12.00
# Visual Studio 14
VisualStudioVersion = 14.0.24720.0
MinimumVisualStudioVersion = 10.0.40219.1
Project("{FAE04EC0-301F-11D3-BF4B-00C04F79EFBC}") = "ExpressionsAndIQueryable.HW.Mapper", "ExpressionsAndIQueryable.HW.SamplesMapper\ExpressionsAndIQueryable.HW.Mapper.csproj", "{273D5ABC-8543-4889-A76A-F92DF2092081}"
EndProject
Project("{FAE04EC0-301F-11D3-BF4B-00C04F79EFBC}") = "ExpressionsAndIQueryable.HW.ExpressionVis", "ExpressionsAndIQueryable.HW.ExpressionVis\ExpressionsAndIQueryable.HW.ExpressionVis.csproj", "{A6670D50-07F6-47A6-9427-7CCDE61042A0}"
EndProject
Project("{FAE04EC0-301F-11D3-BF4B-00C04F79EFBC}") = "ExpressionsAndIQueryable.HW.E3SProviderSample", "ExpressionsAndIQueryable.HW.E3SProviderSample\ExpressionsAndIQueryable.HW.E3SProviderSample.csproj", "{9919AF3F-05B7-4FB1-A745-2A2A0DC55FF5}"
EndProject
Global
	GlobalSection(SolutionConfigurationPlatforms) = preSolution
		Debug|Any CPU = Debug|Any CPU
		Release|Any CPU = Release|Any CPU
	EndGlobalSection
	GlobalSection(ProjectConfigurationPlatforms) = postSolution
		{273D5ABC-8543-4889-A76A-F92DF2092081}.Debug|Any CPU.ActiveCfg = Debug|Any CPU
		{273D5ABC-8543-4889-A76A-F92DF2092081}.Debug|Any CPU.Build.0 = Debug|Any CPU
		{273D5ABC-8543-4889-A76A-F92DF2092081}.Release|Any CPU.ActiveCfg = Release|Any CPU
		{273D5ABC-8543-4889-A76A-F92DF2092081}.Release|Any CPU.Build.0 = Release|Any CPU
		{A6670D50-07F6-47A6-9427-7CCDE61042A0}.Debug|Any CPU.ActiveCfg = Debug|Any CPU
		{A6670D50-07F6-47A6-9427-7CCDE61042A0}.Debug|Any CPU.Build.0 = Debug|Any CPU
		{A6670D50-07F6-47A6-9427-7CCDE61042A0}.Release|Any CPU.ActiveCfg = Release|Any CPU
		{A6670D50-07F6-47A6-9427-7CCDE61042A0}.Release|Any CPU.Build.0 = Release|Any CPU
		{9919AF3F-05B7-4FB1-A745-2A2A0DC55FF5}.Debug|Any CPU.ActiveCfg = Debug|Any CPU
		{9919AF3F-05B7-4FB1-A745-2A2A0DC55FF5}.Debug|Any CPU.Build.0 = Debug|Any CPU
		{9919AF3F-05B7-4FB1-A745-2A2A0DC55FF5}.Release|Any CPU.ActiveCfg = Release|Any CPU
		{9919AF3F-05B7-4FB1-A745-2A2A0DC55FF5}.Release|Any CPU.Build.0 = Release|Any CPU
	EndGlobalSection
	GlobalSection(SolutionProperties) = preSolution
		HideSolutionNode = FALSE
	EndGlobalSection
EndGlobal
